
Microsoft Visual Studio Solution File, Format Version 12.00
# Visual Studio 15
VisualStudioVersion = 15.0.28307.438
MinimumVisualStudioVersion = 10.0.40219.1
Project("{FAE04EC0-301F-11D3-BF4B-00C04F79EFBC}") = "SLNStokTakipV1", "SLNStokTakipV1\SLNStokTakipV1.csproj", "{7ADE562F-253C-4C53-B2E8-9DC2FB901EE9}"
EndProject
Global
	GlobalSection(SolutionConfigurationPlatforms) = preSolution
		Debug|Any CPU = Debug|Any CPU
		Release|Any CPU = Release|Any CPU
	EndGlobalSection
	GlobalSection(ProjectConfigurationPlatforms) = postSolution
		{7ADE562F-253C-4C53-B2E8-9DC2FB901EE9}.Debug|Any CPU.ActiveCfg = Debug|Any CPU
		{7ADE562F-253C-4C53-B2E8-9DC2FB901EE9}.Debug|Any CPU.Build.0 = Debug|Any CPU
		{7ADE562F-253C-4C53-B2E8-9DC2FB901EE9}.Release|Any CPU.ActiveCfg = Release|Any CPU
		{7ADE562F-253C-4C53-B2E8-9DC2FB901EE9}.Release|Any CPU.Build.0 = Release|Any CPU
	EndGlobalSection
	GlobalSection(SolutionProperties) = preSolution
		HideSolutionNode = FALSE
	EndGlobalSection
	GlobalSection(ExtensibilityGlobals) = postSolution
		SolutionGuid = {ADD5AF27-A19A-4560-B900-1D86286CF0F3}
	EndGlobalSection
EndGlobal
